// !$*UTF8*$!
{
	archiveVersion = 1;
	classes = {
	};
	objectVersion = 56;
	objects = {

/* Begin PBXBuildFile section */
		35109FB8AD19E9D04E76972B /* libPods-TMDBTests.a in Frameworks */ = {isa = PBXBuildFile; fileRef = 329F4AC4093A112685117E28 /* libPods-TMDBTests.a */; };
		630B50132BCEC3FE0049F0AF /* Avatar.swift in Sources */ = {isa = PBXBuildFile; fileRef = 630B500F2BCEC3FE0049F0AF /* Avatar.swift */; };
		630B50142BCEC3FE0049F0AF /* Tmdb.swift in Sources */ = {isa = PBXBuildFile; fileRef = 630B50102BCEC3FE0049F0AF /* Tmdb.swift */; };
		630B50152BCEC3FE0049F0AF /* UserDataStruct.swift in Sources */ = {isa = PBXBuildFile; fileRef = 630B50112BCEC3FE0049F0AF /* UserDataStruct.swift */; };
		630B50162BCEC3FE0049F0AF /* Gravatar.swift in Sources */ = {isa = PBXBuildFile; fileRef = 630B50122BCEC3FE0049F0AF /* Gravatar.swift */; };
		630B50192BCEC56A0049F0AF /* RequestTokenStruct.swift in Sources */ = {isa = PBXBuildFile; fileRef = 630B50182BCEC56A0049F0AF /* RequestTokenStruct.swift */; };
		630B501D2BCEC81B0049F0AF /* SessionIdStruct.swift in Sources */ = {isa = PBXBuildFile; fileRef = 630B501C2BCEC81B0049F0AF /* SessionIdStruct.swift */; };
		630B50232BCFD81C0049F0AF /* ReturnUserDataStruct.swift in Sources */ = {isa = PBXBuildFile; fileRef = 630B50222BCFD81C0049F0AF /* ReturnUserDataStruct.swift */; };
		630B50252BD108160049F0AF /* MainTabBarController.swift in Sources */ = {isa = PBXBuildFile; fileRef = 630B50242BD108160049F0AF /* MainTabBarController.swift */; };
		630B502A2BD12C240049F0AF /* FavoritesStruct.swift in Sources */ = {isa = PBXBuildFile; fileRef = 630B50282BD12C240049F0AF /* FavoritesStruct.swift */; };
		630B502C2BD2D9C90049F0AF /* RequestClass.swift in Sources */ = {isa = PBXBuildFile; fileRef = 630B502B2BD2D9C90049F0AF /* RequestClass.swift */; };
		630B502F2BD2DE710049F0AF /* RequestsParamsStructs.swift in Sources */ = {isa = PBXBuildFile; fileRef = 630B502E2BD2DE710049F0AF /* RequestsParamsStructs.swift */; };
		63407A5D2BC6A8AE000CA505 /* AppDelegate.swift in Sources */ = {isa = PBXBuildFile; fileRef = 63407A5C2BC6A8AE000CA505 /* AppDelegate.swift */; };
		63407A5F2BC6A8AE000CA505 /* SceneDelegate.swift in Sources */ = {isa = PBXBuildFile; fileRef = 63407A5E2BC6A8AE000CA505 /* SceneDelegate.swift */; };
		63407A612BC6A8AE000CA505 /* GenresPageViewController.swift in Sources */ = {isa = PBXBuildFile; fileRef = 63407A602BC6A8AE000CA505 /* GenresPageViewController.swift */; };
		63407A642BC6A8AE000CA505 /* Base in Resources */ = {isa = PBXBuildFile; fileRef = 63407A632BC6A8AE000CA505 /* Base */; };
		63407A662BC6A8AF000CA505 /* Assets.xcassets in Resources */ = {isa = PBXBuildFile; fileRef = 63407A652BC6A8AF000CA505 /* Assets.xcassets */; };
		63407A692BC6A8AF000CA505 /* Base in Resources */ = {isa = PBXBuildFile; fileRef = 63407A682BC6A8AF000CA505 /* Base */; };
		63407A742BC6A8AF000CA505 /* TMDBTests.swift in Sources */ = {isa = PBXBuildFile; fileRef = 63407A732BC6A8AF000CA505 /* TMDBTests.swift */; };
		63407A7E2BC6A8AF000CA505 /* TMDBUITests.swift in Sources */ = {isa = PBXBuildFile; fileRef = 63407A7D2BC6A8AF000CA505 /* TMDBUITests.swift */; };
		63407A802BC6A8AF000CA505 /* TMDBUITestsLaunchTests.swift in Sources */ = {isa = PBXBuildFile; fileRef = 63407A7F2BC6A8AF000CA505 /* TMDBUITestsLaunchTests.swift */; };
		63407A8D2BC6B0B2000CA505 /* Podfile in Resources */ = {isa = PBXBuildFile; fileRef = 63407A8C2BC6B0B2000CA505 /* Podfile */; };
		63430FD32BC9A8B400537367 /* FavoritesViewController.swift in Sources */ = {isa = PBXBuildFile; fileRef = 63430FD22BC9A8B400537367 /* FavoritesViewController.swift */; };
		63430FD52BC9A8D100537367 /* SearchViewController.swift in Sources */ = {isa = PBXBuildFile; fileRef = 63430FD42BC9A8D100537367 /* SearchViewController.swift */; };
		63430FD72BC9A8E500537367 /* AccountViewController.swift in Sources */ = {isa = PBXBuildFile; fileRef = 63430FD62BC9A8E500537367 /* AccountViewController.swift */; };
		63430FDA2BCAB8BF00537367 /* Movie.swift in Sources */ = {isa = PBXBuildFile; fileRef = 63430FD82BCAB8BF00537367 /* Movie.swift */; };
		63430FDB2BCAB8C000537367 /* MovieListResponce.swift in Sources */ = {isa = PBXBuildFile; fileRef = 63430FD92BCAB8BF00537367 /* MovieListResponce.swift */; };
		63430FDE2BCB022800537367 /* LoginViewController.swift in Sources */ = {isa = PBXBuildFile; fileRef = 63430FDD2BCB022800537367 /* LoginViewController.swift */; };
		63B375292BC8496E005AAEC3 /* RequestsStaticClass.swift in Sources */ = {isa = PBXBuildFile; fileRef = 63B375282BC8496E005AAEC3 /* RequestsStaticClass.swift */; };
		63B3752C2BC84B55005AAEC3 /* Genres.swift in Sources */ = {isa = PBXBuildFile; fileRef = 63B3752A2BC84B55005AAEC3 /* Genres.swift */; };
		63B3752D2BC84B55005AAEC3 /* GenresListStruct.swift in Sources */ = {isa = PBXBuildFile; fileRef = 63B3752B2BC84B55005AAEC3 /* GenresListStruct.swift */; };
		71C52F6C2390C0AA386779D6 /* libPods-TMDB-TMDBUITests.a in Frameworks */ = {isa = PBXBuildFile; fileRef = 00BB0DC7733F5E10DBE81C12 /* libPods-TMDB-TMDBUITests.a */; };
		A839814F95EAB62C56100996 /* libPods-TMDB.a in Frameworks */ = {isa = PBXBuildFile; fileRef = 1A89234F5CB2EE78D1F95F4A /* libPods-TMDB.a */; };
/* End PBXBuildFile section */

/* Begin PBXContainerItemProxy section */
		63407A702BC6A8AF000CA505 /* PBXContainerItemProxy */ = {
			isa = PBXContainerItemProxy;
			containerPortal = 63407A512BC6A8AE000CA505 /* Project object */;
			proxyType = 1;
			remoteGlobalIDString = 63407A582BC6A8AE000CA505;
			remoteInfo = TMDB;
		};
		63407A7A2BC6A8AF000CA505 /* PBXContainerItemProxy */ = {
			isa = PBXContainerItemProxy;
			containerPortal = 63407A512BC6A8AE000CA505 /* Project object */;
			proxyType = 1;
			remoteGlobalIDString = 63407A582BC6A8AE000CA505;
			remoteInfo = TMDB;
		};
/* End PBXContainerItemProxy section */

/* Begin PBXFileReference section */
		00BB0DC7733F5E10DBE81C12 /* libPods-TMDB-TMDBUITests.a */ = {isa = PBXFileReference; explicitFileType = archive.ar; includeInIndex = 0; path = "libPods-TMDB-TMDBUITests.a"; sourceTree = BUILT_PRODUCTS_DIR; };
		1A89234F5CB2EE78D1F95F4A /* libPods-TMDB.a */ = {isa = PBXFileReference; explicitFileType = archive.ar; includeInIndex = 0; path = "libPods-TMDB.a"; sourceTree = BUILT_PRODUCTS_DIR; };
		329F4AC4093A112685117E28 /* libPods-TMDBTests.a */ = {isa = PBXFileReference; explicitFileType = archive.ar; includeInIndex = 0; path = "libPods-TMDBTests.a"; sourceTree = BUILT_PRODUCTS_DIR; };
		630B500F2BCEC3FE0049F0AF /* Avatar.swift */ = {isa = PBXFileReference; fileEncoding = 4; lastKnownFileType = sourcecode.swift; path = Avatar.swift; sourceTree = "<group>"; };
		630B50102BCEC3FE0049F0AF /* Tmdb.swift */ = {isa = PBXFileReference; fileEncoding = 4; lastKnownFileType = sourcecode.swift; path = Tmdb.swift; sourceTree = "<group>"; };
		630B50112BCEC3FE0049F0AF /* UserDataStruct.swift */ = {isa = PBXFileReference; fileEncoding = 4; lastKnownFileType = sourcecode.swift; path = UserDataStruct.swift; sourceTree = "<group>"; };
		630B50122BCEC3FE0049F0AF /* Gravatar.swift */ = {isa = PBXFileReference; fileEncoding = 4; lastKnownFileType = sourcecode.swift; path = Gravatar.swift; sourceTree = "<group>"; };
		630B50182BCEC56A0049F0AF /* RequestTokenStruct.swift */ = {isa = PBXFileReference; fileEncoding = 4; lastKnownFileType = sourcecode.swift; path = RequestTokenStruct.swift; sourceTree = "<group>"; };
		630B501C2BCEC81B0049F0AF /* SessionIdStruct.swift */ = {isa = PBXFileReference; fileEncoding = 4; lastKnownFileType = sourcecode.swift; path = SessionIdStruct.swift; sourceTree = "<group>"; };
		630B50222BCFD81C0049F0AF /* ReturnUserDataStruct.swift */ = {isa = PBXFileReference; lastKnownFileType = sourcecode.swift; path = ReturnUserDataStruct.swift; sourceTree = "<group>"; };
		630B50242BD108160049F0AF /* MainTabBarController.swift */ = {isa = PBXFileReference; lastKnownFileType = sourcecode.swift; path = MainTabBarController.swift; sourceTree = "<group>"; };
		630B50282BD12C240049F0AF /* FavoritesStruct.swift */ = {isa = PBXFileReference; fileEncoding = 4; lastKnownFileType = sourcecode.swift; path = FavoritesStruct.swift; sourceTree = "<group>"; };
		630B502B2BD2D9C90049F0AF /* RequestClass.swift */ = {isa = PBXFileReference; lastKnownFileType = sourcecode.swift; path = RequestClass.swift; sourceTree = "<group>"; };
		630B502E2BD2DE710049F0AF /* RequestsParamsStructs.swift */ = {isa = PBXFileReference; lastKnownFileType = sourcecode.swift; path = RequestsParamsStructs.swift; sourceTree = "<group>"; };
		63407A592BC6A8AE000CA505 /* TMDB.app */ = {isa = PBXFileReference; explicitFileType = wrapper.application; includeInIndex = 0; path = TMDB.app; sourceTree = BUILT_PRODUCTS_DIR; };
		63407A5C2BC6A8AE000CA505 /* AppDelegate.swift */ = {isa = PBXFileReference; lastKnownFileType = sourcecode.swift; path = AppDelegate.swift; sourceTree = "<group>"; };
		63407A5E2BC6A8AE000CA505 /* SceneDelegate.swift */ = {isa = PBXFileReference; lastKnownFileType = sourcecode.swift; path = SceneDelegate.swift; sourceTree = "<group>"; };
		63407A602BC6A8AE000CA505 /* GenresPageViewController.swift */ = {isa = PBXFileReference; lastKnownFileType = sourcecode.swift; path = GenresPageViewController.swift; sourceTree = "<group>"; };
		63407A632BC6A8AE000CA505 /* Base */ = {isa = PBXFileReference; lastKnownFileType = file.storyboard; name = Base; path = Base.lproj/Main.storyboard; sourceTree = "<group>"; };
		63407A652BC6A8AF000CA505 /* Assets.xcassets */ = {isa = PBXFileReference; lastKnownFileType = folder.assetcatalog; path = Assets.xcassets; sourceTree = "<group>"; };
		63407A682BC6A8AF000CA505 /* Base */ = {isa = PBXFileReference; lastKnownFileType = file.storyboard; name = Base; path = Base.lproj/LaunchScreen.storyboard; sourceTree = "<group>"; };
		63407A6A2BC6A8AF000CA505 /* Info.plist */ = {isa = PBXFileReference; lastKnownFileType = text.plist.xml; path = Info.plist; sourceTree = "<group>"; };
		63407A6F2BC6A8AF000CA505 /* TMDBTests.xctest */ = {isa = PBXFileReference; explicitFileType = wrapper.cfbundle; includeInIndex = 0; path = TMDBTests.xctest; sourceTree = BUILT_PRODUCTS_DIR; };
		63407A732BC6A8AF000CA505 /* TMDBTests.swift */ = {isa = PBXFileReference; lastKnownFileType = sourcecode.swift; path = TMDBTests.swift; sourceTree = "<group>"; };
		63407A792BC6A8AF000CA505 /* TMDBUITests.xctest */ = {isa = PBXFileReference; explicitFileType = wrapper.cfbundle; includeInIndex = 0; path = TMDBUITests.xctest; sourceTree = BUILT_PRODUCTS_DIR; };
		63407A7D2BC6A8AF000CA505 /* TMDBUITests.swift */ = {isa = PBXFileReference; lastKnownFileType = sourcecode.swift; path = TMDBUITests.swift; sourceTree = "<group>"; };
		63407A7F2BC6A8AF000CA505 /* TMDBUITestsLaunchTests.swift */ = {isa = PBXFileReference; lastKnownFileType = sourcecode.swift; path = TMDBUITestsLaunchTests.swift; sourceTree = "<group>"; };
		63407A8C2BC6B0B2000CA505 /* Podfile */ = {isa = PBXFileReference; fileEncoding = 4; lastKnownFileType = text; path = Podfile; sourceTree = SOURCE_ROOT; xcLanguageSpecificationIdentifier = xcode.lang.ruby; };
		63430FD22BC9A8B400537367 /* FavoritesViewController.swift */ = {isa = PBXFileReference; lastKnownFileType = sourcecode.swift; path = FavoritesViewController.swift; sourceTree = "<group>"; };
		63430FD42BC9A8D100537367 /* SearchViewController.swift */ = {isa = PBXFileReference; lastKnownFileType = sourcecode.swift; path = SearchViewController.swift; sourceTree = "<group>"; };
		63430FD62BC9A8E500537367 /* AccountViewController.swift */ = {isa = PBXFileReference; lastKnownFileType = sourcecode.swift; path = AccountViewController.swift; sourceTree = "<group>"; };
		63430FD82BCAB8BF00537367 /* Movie.swift */ = {isa = PBXFileReference; fileEncoding = 4; lastKnownFileType = sourcecode.swift; path = Movie.swift; sourceTree = "<group>"; };
		63430FD92BCAB8BF00537367 /* MovieListResponce.swift */ = {isa = PBXFileReference; fileEncoding = 4; lastKnownFileType = sourcecode.swift; path = MovieListResponce.swift; sourceTree = "<group>"; };
		63430FDD2BCB022800537367 /* LoginViewController.swift */ = {isa = PBXFileReference; lastKnownFileType = sourcecode.swift; path = LoginViewController.swift; sourceTree = "<group>"; };
		63B375282BC8496E005AAEC3 /* RequestsStaticClass.swift */ = {isa = PBXFileReference; lastKnownFileType = sourcecode.swift; path = RequestsStaticClass.swift; sourceTree = "<group>"; };
		63B3752A2BC84B55005AAEC3 /* Genres.swift */ = {isa = PBXFileReference; fileEncoding = 4; lastKnownFileType = sourcecode.swift; path = Genres.swift; sourceTree = "<group>"; };
		63B3752B2BC84B55005AAEC3 /* GenresListStruct.swift */ = {isa = PBXFileReference; fileEncoding = 4; lastKnownFileType = sourcecode.swift; path = GenresListStruct.swift; sourceTree = "<group>"; };
		9B7ABEF1EC54C831E1B69E0F /* Pods-TMDBTests.debug.xcconfig */ = {isa = PBXFileReference; includeInIndex = 1; lastKnownFileType = text.xcconfig; name = "Pods-TMDBTests.debug.xcconfig"; path = "Target Support Files/Pods-TMDBTests/Pods-TMDBTests.debug.xcconfig"; sourceTree = "<group>"; };
		A579AE600F5E82AC3065F6D6 /* Pods-TMDB.debug.xcconfig */ = {isa = PBXFileReference; includeInIndex = 1; lastKnownFileType = text.xcconfig; name = "Pods-TMDB.debug.xcconfig"; path = "Target Support Files/Pods-TMDB/Pods-TMDB.debug.xcconfig"; sourceTree = "<group>"; };
		AD842C937E09376FCEC118C4 /* Pods-TMDBTests.release.xcconfig */ = {isa = PBXFileReference; includeInIndex = 1; lastKnownFileType = text.xcconfig; name = "Pods-TMDBTests.release.xcconfig"; path = "Target Support Files/Pods-TMDBTests/Pods-TMDBTests.release.xcconfig"; sourceTree = "<group>"; };
		C51A6C2A0592E1AD05D826D4 /* Pods-TMDB-TMDBUITests.debug.xcconfig */ = {isa = PBXFileReference; includeInIndex = 1; lastKnownFileType = text.xcconfig; name = "Pods-TMDB-TMDBUITests.debug.xcconfig"; path = "Target Support Files/Pods-TMDB-TMDBUITests/Pods-TMDB-TMDBUITests.debug.xcconfig"; sourceTree = "<group>"; };
		DE5E2AD2C229724E3D4D1EAA /* Pods-TMDB-TMDBUITests.release.xcconfig */ = {isa = PBXFileReference; includeInIndex = 1; lastKnownFileType = text.xcconfig; name = "Pods-TMDB-TMDBUITests.release.xcconfig"; path = "Target Support Files/Pods-TMDB-TMDBUITests/Pods-TMDB-TMDBUITests.release.xcconfig"; sourceTree = "<group>"; };
		F57E7321F05C8757DF903B4A /* Pods-TMDB.release.xcconfig */ = {isa = PBXFileReference; includeInIndex = 1; lastKnownFileType = text.xcconfig; name = "Pods-TMDB.release.xcconfig"; path = "Target Support Files/Pods-TMDB/Pods-TMDB.release.xcconfig"; sourceTree = "<group>"; };
/* End PBXFileReference section */

/* Begin PBXFrameworksBuildPhase section */
		63407A562BC6A8AE000CA505 /* Frameworks */ = {
			isa = PBXFrameworksBuildPhase;
			buildActionMask = 2147483647;
			files = (
				A839814F95EAB62C56100996 /* libPods-TMDB.a in Frameworks */,
			);
			runOnlyForDeploymentPostprocessing = 0;
		};
		63407A6C2BC6A8AF000CA505 /* Frameworks */ = {
			isa = PBXFrameworksBuildPhase;
			buildActionMask = 2147483647;
			files = (
				35109FB8AD19E9D04E76972B /* libPods-TMDBTests.a in Frameworks */,
			);
			runOnlyForDeploymentPostprocessing = 0;
		};
		63407A762BC6A8AF000CA505 /* Frameworks */ = {
			isa = PBXFrameworksBuildPhase;
			buildActionMask = 2147483647;
			files = (
				71C52F6C2390C0AA386779D6 /* libPods-TMDB-TMDBUITests.a in Frameworks */,
			);
			runOnlyForDeploymentPostprocessing = 0;
		};
/* End PBXFrameworksBuildPhase section */

/* Begin PBXGroup section */
		630B500E2BCEC3C60049F0AF /* UserDataStruct */ = {
			isa = PBXGroup;
			children = (
				630B500F2BCEC3FE0049F0AF /* Avatar.swift */,
				630B50122BCEC3FE0049F0AF /* Gravatar.swift */,
				630B50112BCEC3FE0049F0AF /* UserDataStruct.swift */,
				630B50102BCEC3FE0049F0AF /* Tmdb.swift */,
				630B50222BCFD81C0049F0AF /* ReturnUserDataStruct.swift */,
			);
			path = UserDataStruct;
			sourceTree = "<group>";
		};
		630B50172BCEC5580049F0AF /* RequestTokenStruct */ = {
			isa = PBXGroup;
			children = (
				630B50182BCEC56A0049F0AF /* RequestTokenStruct.swift */,
			);
			path = RequestTokenStruct;
			sourceTree = "<group>";
		};
		630B501B2BCEC80D0049F0AF /* SessionIdStruct */ = {
			isa = PBXGroup;
			children = (
				630B501C2BCEC81B0049F0AF /* SessionIdStruct.swift */,
			);
			path = SessionIdStruct;
			sourceTree = "<group>";
		};
		630B50262BD12C100049F0AF /* FavoriteStructs */ = {
			isa = PBXGroup;
			children = (
				630B50282BD12C240049F0AF /* FavoritesStruct.swift */,
			);
			path = FavoriteStructs;
			sourceTree = "<group>";
		};
		630B502D2BD2DE3F0049F0AF /* RequestGroup */ = {
			isa = PBXGroup;
			children = (
				630B502B2BD2D9C90049F0AF /* RequestClass.swift */,
				63B375282BC8496E005AAEC3 /* RequestsStaticClass.swift */,
				630B502E2BD2DE710049F0AF /* RequestsParamsStructs.swift */,
			);
			path = RequestGroup;
			sourceTree = "<group>";
		};
		63407A502BC6A8AE000CA505 = {
			isa = PBXGroup;
			children = (
				63407A5B2BC6A8AE000CA505 /* TMDB */,
				63407A722BC6A8AF000CA505 /* TMDBTests */,
				63407A7C2BC6A8AF000CA505 /* TMDBUITests */,
				63407A5A2BC6A8AE000CA505 /* Products */,
				D21EDEB8EA4A318B5BC23152 /* Pods */,
				8119374F9866DBAD9F991578 /* Frameworks */,
			);
			sourceTree = "<group>";
		};
		63407A5A2BC6A8AE000CA505 /* Products */ = {
			isa = PBXGroup;
			children = (
				63407A592BC6A8AE000CA505 /* TMDB.app */,
				63407A6F2BC6A8AF000CA505 /* TMDBTests.xctest */,
				63407A792BC6A8AF000CA505 /* TMDBUITests.xctest */,
			);
			name = Products;
			sourceTree = "<group>";
		};
		63407A5B2BC6A8AE000CA505 /* TMDB */ = {
			isa = PBXGroup;
			children = (
				63B375262BC8492C005AAEC3 /* Modules */,
				63407A8C2BC6B0B2000CA505 /* Podfile */,
				63407A5C2BC6A8AE000CA505 /* AppDelegate.swift */,
				63407A5E2BC6A8AE000CA505 /* SceneDelegate.swift */,
				63407A622BC6A8AE000CA505 /* Main.storyboard */,
				63407A652BC6A8AF000CA505 /* Assets.xcassets */,
				63407A672BC6A8AF000CA505 /* LaunchScreen.storyboard */,
				63407A6A2BC6A8AF000CA505 /* Info.plist */,
			);
			path = TMDB;
			sourceTree = "<group>";
		};
		63407A722BC6A8AF000CA505 /* TMDBTests */ = {
			isa = PBXGroup;
			children = (
				63407A732BC6A8AF000CA505 /* TMDBTests.swift */,
			);
			path = TMDBTests;
			sourceTree = "<group>";
		};
		63407A7C2BC6A8AF000CA505 /* TMDBUITests */ = {
			isa = PBXGroup;
			children = (
				63407A7D2BC6A8AF000CA505 /* TMDBUITests.swift */,
				63407A7F2BC6A8AF000CA505 /* TMDBUITestsLaunchTests.swift */,
			);
			path = TMDBUITests;
			sourceTree = "<group>";
		};
		63430FD12BC9A5E300537367 /* Views */ = {
			isa = PBXGroup;
			children = (
				63407A602BC6A8AE000CA505 /* GenresPageViewController.swift */,
				63430FD22BC9A8B400537367 /* FavoritesViewController.swift */,
				63430FD42BC9A8D100537367 /* SearchViewController.swift */,
				63430FD62BC9A8E500537367 /* AccountViewController.swift */,
				63430FDD2BCB022800537367 /* LoginViewController.swift */,
				630B50242BD108160049F0AF /* MainTabBarController.swift */,
			);
			path = Views;
			sourceTree = "<group>";
		};
		63430FDC2BCAB8CB00537367 /* MovieListStructs */ = {
			isa = PBXGroup;
			children = (
				63430FD82BCAB8BF00537367 /* Movie.swift */,
				63430FD92BCAB8BF00537367 /* MovieListResponce.swift */,
			);
			path = MovieListStructs;
			sourceTree = "<group>";
		};
		63B375262BC8492C005AAEC3 /* Modules */ = {
			isa = PBXGroup;
			children = (
				630B502D2BD2DE3F0049F0AF /* RequestGroup */,
				63430FD12BC9A5E300537367 /* Views */,
				63B375272BC84952005AAEC3 /* Structs */,
			);
			path = Modules;
			sourceTree = "<group>";
		};
		63B375272BC84952005AAEC3 /* Structs */ = {
			isa = PBXGroup;
			children = (
				630B50262BD12C100049F0AF /* FavoriteStructs */,
				630B501B2BCEC80D0049F0AF /* SessionIdStruct */,
				630B50172BCEC5580049F0AF /* RequestTokenStruct */,
				630B500E2BCEC3C60049F0AF /* UserDataStruct */,
				63430FDC2BCAB8CB00537367 /* MovieListStructs */,
				63B3752E2BC84BAD005AAEC3 /* GenresListStruct */,
			);
			path = Structs;
			sourceTree = "<group>";
		};
		63B3752E2BC84BAD005AAEC3 /* GenresListStruct */ = {
			isa = PBXGroup;
			children = (
				63B3752A2BC84B55005AAEC3 /* Genres.swift */,
				63B3752B2BC84B55005AAEC3 /* GenresListStruct.swift */,
			);
			path = GenresListStruct;
			sourceTree = "<group>";
		};
		8119374F9866DBAD9F991578 /* Frameworks */ = {
			isa = PBXGroup;
			children = (
				1A89234F5CB2EE78D1F95F4A /* libPods-TMDB.a */,
				00BB0DC7733F5E10DBE81C12 /* libPods-TMDB-TMDBUITests.a */,
				329F4AC4093A112685117E28 /* libPods-TMDBTests.a */,
			);
			name = Frameworks;
			sourceTree = "<group>";
		};
		D21EDEB8EA4A318B5BC23152 /* Pods */ = {
			isa = PBXGroup;
			children = (
				A579AE600F5E82AC3065F6D6 /* Pods-TMDB.debug.xcconfig */,
				F57E7321F05C8757DF903B4A /* Pods-TMDB.release.xcconfig */,
				C51A6C2A0592E1AD05D826D4 /* Pods-TMDB-TMDBUITests.debug.xcconfig */,
				DE5E2AD2C229724E3D4D1EAA /* Pods-TMDB-TMDBUITests.release.xcconfig */,
				9B7ABEF1EC54C831E1B69E0F /* Pods-TMDBTests.debug.xcconfig */,
				AD842C937E09376FCEC118C4 /* Pods-TMDBTests.release.xcconfig */,
			);
			path = Pods;
			sourceTree = "<group>";
		};
/* End PBXGroup section */

/* Begin PBXNativeTarget section */
		63407A582BC6A8AE000CA505 /* TMDB */ = {
			isa = PBXNativeTarget;
			buildConfigurationList = 63407A832BC6A8AF000CA505 /* Build configuration list for PBXNativeTarget "TMDB" */;
			buildPhases = (
				7BDCC72AF378D6435DA1203D /* [CP] Check Pods Manifest.lock */,
				63407A552BC6A8AE000CA505 /* Sources */,
				63407A562BC6A8AE000CA505 /* Frameworks */,
				63407A572BC6A8AE000CA505 /* Resources */,
				364B375D8A43918979F81B88 /* [CP] Copy Pods Resources */,
			);
			buildRules = (
			);
			dependencies = (
			);
			name = TMDB;
			productName = TMDB;
			productReference = 63407A592BC6A8AE000CA505 /* TMDB.app */;
			productType = "com.apple.product-type.application";
		};
		63407A6E2BC6A8AF000CA505 /* TMDBTests */ = {
			isa = PBXNativeTarget;
			buildConfigurationList = 63407A862BC6A8AF000CA505 /* Build configuration list for PBXNativeTarget "TMDBTests" */;
			buildPhases = (
				815238D8EDAD7A5437D26CC0 /* [CP] Check Pods Manifest.lock */,
				63407A6B2BC6A8AF000CA505 /* Sources */,
				63407A6C2BC6A8AF000CA505 /* Frameworks */,
				63407A6D2BC6A8AF000CA505 /* Resources */,
			);
			buildRules = (
			);
			dependencies = (
				63407A712BC6A8AF000CA505 /* PBXTargetDependency */,
			);
			name = TMDBTests;
			productName = TMDBTests;
			productReference = 63407A6F2BC6A8AF000CA505 /* TMDBTests.xctest */;
			productType = "com.apple.product-type.bundle.unit-test";
		};
		63407A782BC6A8AF000CA505 /* TMDBUITests */ = {
			isa = PBXNativeTarget;
			buildConfigurationList = 63407A892BC6A8AF000CA505 /* Build configuration list for PBXNativeTarget "TMDBUITests" */;
			buildPhases = (
				308A08D3CD0E91B3D29A7A3A /* [CP] Check Pods Manifest.lock */,
				63407A752BC6A8AF000CA505 /* Sources */,
				63407A762BC6A8AF000CA505 /* Frameworks */,
				63407A772BC6A8AF000CA505 /* Resources */,
				1E52A8BF4D88B24DD5E9AC6F /* [CP] Copy Pods Resources */,
			);
			buildRules = (
			);
			dependencies = (
				63407A7B2BC6A8AF000CA505 /* PBXTargetDependency */,
			);
			name = TMDBUITests;
			productName = TMDBUITests;
			productReference = 63407A792BC6A8AF000CA505 /* TMDBUITests.xctest */;
			productType = "com.apple.product-type.bundle.ui-testing";
		};
/* End PBXNativeTarget section */

/* Begin PBXProject section */
		63407A512BC6A8AE000CA505 /* Project object */ = {
			isa = PBXProject;
			attributes = {
				BuildIndependentTargetsInParallel = 1;
				LastSwiftUpdateCheck = 1530;
				LastUpgradeCheck = 1530;
				TargetAttributes = {
					63407A582BC6A8AE000CA505 = {
						CreatedOnToolsVersion = 15.3;
					};
					63407A6E2BC6A8AF000CA505 = {
						CreatedOnToolsVersion = 15.3;
						TestTargetID = 63407A582BC6A8AE000CA505;
					};
					63407A782BC6A8AF000CA505 = {
						CreatedOnToolsVersion = 15.3;
						TestTargetID = 63407A582BC6A8AE000CA505;
					};
				};
			};
			buildConfigurationList = 63407A542BC6A8AE000CA505 /* Build configuration list for PBXProject "TMDB" */;
			compatibilityVersion = "Xcode 14.0";
			developmentRegion = en;
			hasScannedForEncodings = 0;
			knownRegions = (
				en,
				Base,
			);
			mainGroup = 63407A502BC6A8AE000CA505;
			productRefGroup = 63407A5A2BC6A8AE000CA505 /* Products */;
			projectDirPath = "";
			projectRoot = "";
			targets = (
				63407A582BC6A8AE000CA505 /* TMDB */,
				63407A6E2BC6A8AF000CA505 /* TMDBTests */,
				63407A782BC6A8AF000CA505 /* TMDBUITests */,
			);
		};
/* End PBXProject section */

/* Begin PBXResourcesBuildPhase section */
		63407A572BC6A8AE000CA505 /* Resources */ = {
			isa = PBXResourcesBuildPhase;
			buildActionMask = 2147483647;
			files = (
				63407A662BC6A8AF000CA505 /* Assets.xcassets in Resources */,
				63407A692BC6A8AF000CA505 /* Base in Resources */,
				63407A8D2BC6B0B2000CA505 /* Podfile in Resources */,
				63407A642BC6A8AE000CA505 /* Base in Resources */,
			);
			runOnlyForDeploymentPostprocessing = 0;
		};
		63407A6D2BC6A8AF000CA505 /* Resources */ = {
			isa = PBXResourcesBuildPhase;
			buildActionMask = 2147483647;
			files = (
			);
			runOnlyForDeploymentPostprocessing = 0;
		};
		63407A772BC6A8AF000CA505 /* Resources */ = {
			isa = PBXResourcesBuildPhase;
			buildActionMask = 2147483647;
			files = (
			);
			runOnlyForDeploymentPostprocessing = 0;
		};
/* End PBXResourcesBuildPhase section */

/* Begin PBXShellScriptBuildPhase section */
		1E52A8BF4D88B24DD5E9AC6F /* [CP] Copy Pods Resources */ = {
			isa = PBXShellScriptBuildPhase;
			buildActionMask = 2147483647;
			files = (
			);
			inputFileListPaths = (
				"${PODS_ROOT}/Target Support Files/Pods-TMDB-TMDBUITests/Pods-TMDB-TMDBUITests-resources-${CONFIGURATION}-input-files.xcfilelist",
			);
			name = "[CP] Copy Pods Resources";
			outputFileListPaths = (
				"${PODS_ROOT}/Target Support Files/Pods-TMDB-TMDBUITests/Pods-TMDB-TMDBUITests-resources-${CONFIGURATION}-output-files.xcfilelist",
			);
			runOnlyForDeploymentPostprocessing = 0;
			shellPath = /bin/sh;
			shellScript = "\"${PODS_ROOT}/Target Support Files/Pods-TMDB-TMDBUITests/Pods-TMDB-TMDBUITests-resources.sh\"\n";
			showEnvVarsInLog = 0;
		};
		308A08D3CD0E91B3D29A7A3A /* [CP] Check Pods Manifest.lock */ = {
			isa = PBXShellScriptBuildPhase;
			buildActionMask = 2147483647;
			files = (
			);
			inputFileListPaths = (
			);
			inputPaths = (
				"${PODS_PODFILE_DIR_PATH}/Podfile.lock",
				"${PODS_ROOT}/Manifest.lock",
			);
			name = "[CP] Check Pods Manifest.lock";
			outputFileListPaths = (
			);
			outputPaths = (
				"$(DERIVED_FILE_DIR)/Pods-TMDB-TMDBUITests-checkManifestLockResult.txt",
			);
			runOnlyForDeploymentPostprocessing = 0;
			shellPath = /bin/sh;
			shellScript = "diff \"${PODS_PODFILE_DIR_PATH}/Podfile.lock\" \"${PODS_ROOT}/Manifest.lock\" > /dev/null\nif [ $? != 0 ] ; then\n    # print error to STDERR\n    echo \"error: The sandbox is not in sync with the Podfile.lock. Run 'pod install' or update your CocoaPods installation.\" >&2\n    exit 1\nfi\n# This output is used by Xcode 'outputs' to avoid re-running this script phase.\necho \"SUCCESS\" > \"${SCRIPT_OUTPUT_FILE_0}\"\n";
			showEnvVarsInLog = 0;
		};
		364B375D8A43918979F81B88 /* [CP] Copy Pods Resources */ = {
			isa = PBXShellScriptBuildPhase;
			buildActionMask = 2147483647;
			files = (
			);
			inputFileListPaths = (
				"${PODS_ROOT}/Target Support Files/Pods-TMDB/Pods-TMDB-resources-${CONFIGURATION}-input-files.xcfilelist",
			);
			name = "[CP] Copy Pods Resources";
			outputFileListPaths = (
				"${PODS_ROOT}/Target Support Files/Pods-TMDB/Pods-TMDB-resources-${CONFIGURATION}-output-files.xcfilelist",
			);
			runOnlyForDeploymentPostprocessing = 0;
			shellPath = /bin/sh;
			shellScript = "\"${PODS_ROOT}/Target Support Files/Pods-TMDB/Pods-TMDB-resources.sh\"\n";
			showEnvVarsInLog = 0;
		};
		7BDCC72AF378D6435DA1203D /* [CP] Check Pods Manifest.lock */ = {
			isa = PBXShellScriptBuildPhase;
			buildActionMask = 2147483647;
			files = (
			);
			inputFileListPaths = (
			);
			inputPaths = (
				"${PODS_PODFILE_DIR_PATH}/Podfile.lock",
				"${PODS_ROOT}/Manifest.lock",
			);
			name = "[CP] Check Pods Manifest.lock";
			outputFileListPaths = (
			);
			outputPaths = (
				"$(DERIVED_FILE_DIR)/Pods-TMDB-checkManifestLockResult.txt",
			);
			runOnlyForDeploymentPostprocessing = 0;
			shellPath = /bin/sh;
			shellScript = "diff \"${PODS_PODFILE_DIR_PATH}/Podfile.lock\" \"${PODS_ROOT}/Manifest.lock\" > /dev/null\nif [ $? != 0 ] ; then\n    # print error to STDERR\n    echo \"error: The sandbox is not in sync with the Podfile.lock. Run 'pod install' or update your CocoaPods installation.\" >&2\n    exit 1\nfi\n# This output is used by Xcode 'outputs' to avoid re-running this script phase.\necho \"SUCCESS\" > \"${SCRIPT_OUTPUT_FILE_0}\"\n";
			showEnvVarsInLog = 0;
		};
		815238D8EDAD7A5437D26CC0 /* [CP] Check Pods Manifest.lock */ = {
			isa = PBXShellScriptBuildPhase;
			buildActionMask = 2147483647;
			files = (
			);
			inputFileListPaths = (
			);
			inputPaths = (
				"${PODS_PODFILE_DIR_PATH}/Podfile.lock",
				"${PODS_ROOT}/Manifest.lock",
			);
			name = "[CP] Check Pods Manifest.lock";
			outputFileListPaths = (
			);
			outputPaths = (
				"$(DERIVED_FILE_DIR)/Pods-TMDBTests-checkManifestLockResult.txt",
			);
			runOnlyForDeploymentPostprocessing = 0;
			shellPath = /bin/sh;
			shellScript = "diff \"${PODS_PODFILE_DIR_PATH}/Podfile.lock\" \"${PODS_ROOT}/Manifest.lock\" > /dev/null\nif [ $? != 0 ] ; then\n    # print error to STDERR\n    echo \"error: The sandbox is not in sync with the Podfile.lock. Run 'pod install' or update your CocoaPods installation.\" >&2\n    exit 1\nfi\n# This output is used by Xcode 'outputs' to avoid re-running this script phase.\necho \"SUCCESS\" > \"${SCRIPT_OUTPUT_FILE_0}\"\n";
			showEnvVarsInLog = 0;
		};
/* End PBXShellScriptBuildPhase section */

/* Begin PBXSourcesBuildPhase section */
		63407A552BC6A8AE000CA505 /* Sources */ = {
			isa = PBXSourcesBuildPhase;
			buildActionMask = 2147483647;
			files = (
				630B502F2BD2DE710049F0AF /* RequestsParamsStructs.swift in Sources */,
				63430FDE2BCB022800537367 /* LoginViewController.swift in Sources */,
				63407A612BC6A8AE000CA505 /* GenresPageViewController.swift in Sources */,
				630B50252BD108160049F0AF /* MainTabBarController.swift in Sources */,
				63B3752C2BC84B55005AAEC3 /* Genres.swift in Sources */,
				63430FD52BC9A8D100537367 /* SearchViewController.swift in Sources */,
				630B50132BCEC3FE0049F0AF /* Avatar.swift in Sources */,
				630B50152BCEC3FE0049F0AF /* UserDataStruct.swift in Sources */,
				63407A5D2BC6A8AE000CA505 /* AppDelegate.swift in Sources */,
				630B50232BCFD81C0049F0AF /* ReturnUserDataStruct.swift in Sources */,
				63430FDB2BCAB8C000537367 /* MovieListResponce.swift in Sources */,
				630B50142BCEC3FE0049F0AF /* Tmdb.swift in Sources */,
				63430FDA2BCAB8BF00537367 /* Movie.swift in Sources */,
				63430FD32BC9A8B400537367 /* FavoritesViewController.swift in Sources */,
				630B50192BCEC56A0049F0AF /* RequestTokenStruct.swift in Sources */,
				630B502A2BD12C240049F0AF /* FavoritesStruct.swift in Sources */,
				63B375292BC8496E005AAEC3 /* RequestsStaticClass.swift in Sources */,
				63407A5F2BC6A8AE000CA505 /* SceneDelegate.swift in Sources */,
				63B3752D2BC84B55005AAEC3 /* GenresListStruct.swift in Sources */,
				630B502C2BD2D9C90049F0AF /* RequestClass.swift in Sources */,
				630B501D2BCEC81B0049F0AF /* SessionIdStruct.swift in Sources */,
				630B50162BCEC3FE0049F0AF /* Gravatar.swift in Sources */,
				63430FD72BC9A8E500537367 /* AccountViewController.swift in Sources */,
			);
			runOnlyForDeploymentPostprocessing = 0;
		};
		63407A6B2BC6A8AF000CA505 /* Sources */ = {
			isa = PBXSourcesBuildPhase;
			buildActionMask = 2147483647;
			files = (
				63407A742BC6A8AF000CA505 /* TMDBTests.swift in Sources */,
			);
			runOnlyForDeploymentPostprocessing = 0;
		};
		63407A752BC6A8AF000CA505 /* Sources */ = {
			isa = PBXSourcesBuildPhase;
			buildActionMask = 2147483647;
			files = (
				63407A7E2BC6A8AF000CA505 /* TMDBUITests.swift in Sources */,
				63407A802BC6A8AF000CA505 /* TMDBUITestsLaunchTests.swift in Sources */,
			);
			runOnlyForDeploymentPostprocessing = 0;
		};
/* End PBXSourcesBuildPhase section */

/* Begin PBXTargetDependency section */
		63407A712BC6A8AF000CA505 /* PBXTargetDependency */ = {
			isa = PBXTargetDependency;
			target = 63407A582BC6A8AE000CA505 /* TMDB */;
			targetProxy = 63407A702BC6A8AF000CA505 /* PBXContainerItemProxy */;
		};
		63407A7B2BC6A8AF000CA505 /* PBXTargetDependency */ = {
			isa = PBXTargetDependency;
			target = 63407A582BC6A8AE000CA505 /* TMDB */;
			targetProxy = 63407A7A2BC6A8AF000CA505 /* PBXContainerItemProxy */;
		};
/* End PBXTargetDependency section */

/* Begin PBXVariantGroup section */
		63407A622BC6A8AE000CA505 /* Main.storyboard */ = {
			isa = PBXVariantGroup;
			children = (
				63407A632BC6A8AE000CA505 /* Base */,
			);
			name = Main.storyboard;
			sourceTree = "<group>";
		};
		63407A672BC6A8AF000CA505 /* LaunchScreen.storyboard */ = {
			isa = PBXVariantGroup;
			children = (
				63407A682BC6A8AF000CA505 /* Base */,
			);
			name = LaunchScreen.storyboard;
			sourceTree = "<group>";
		};
/* End PBXVariantGroup section */

/* Begin XCBuildConfiguration section */
		63407A812BC6A8AF000CA505 /* Debug */ = {
			isa = XCBuildConfiguration;
			buildSettings = {
				ALWAYS_SEARCH_USER_PATHS = NO;
				ASSETCATALOG_COMPILER_GENERATE_SWIFT_ASSET_SYMBOL_EXTENSIONS = YES;
				CLANG_ANALYZER_NONNULL = YES;
				CLANG_ANALYZER_NUMBER_OBJECT_CONVERSION = YES_AGGRESSIVE;
				CLANG_CXX_LANGUAGE_STANDARD = "gnu++20";
				CLANG_ENABLE_MODULES = YES;
				CLANG_ENABLE_OBJC_ARC = YES;
				CLANG_ENABLE_OBJC_WEAK = YES;
				CLANG_WARN_BLOCK_CAPTURE_AUTORELEASING = YES;
				CLANG_WARN_BOOL_CONVERSION = YES;
				CLANG_WARN_COMMA = YES;
				CLANG_WARN_CONSTANT_CONVERSION = YES;
				CLANG_WARN_DEPRECATED_OBJC_IMPLEMENTATIONS = YES;
				CLANG_WARN_DIRECT_OBJC_ISA_USAGE = YES_ERROR;
				CLANG_WARN_DOCUMENTATION_COMMENTS = YES;
				CLANG_WARN_EMPTY_BODY = YES;
				CLANG_WARN_ENUM_CONVERSION = YES;
				CLANG_WARN_INFINITE_RECURSION = YES;
				CLANG_WARN_INT_CONVERSION = YES;
				CLANG_WARN_NON_LITERAL_NULL_CONVERSION = YES;
				CLANG_WARN_OBJC_IMPLICIT_RETAIN_SELF = YES;
				CLANG_WARN_OBJC_LITERAL_CONVERSION = YES;
				CLANG_WARN_OBJC_ROOT_CLASS = YES_ERROR;
				CLANG_WARN_QUOTED_INCLUDE_IN_FRAMEWORK_HEADER = YES;
				CLANG_WARN_RANGE_LOOP_ANALYSIS = YES;
				CLANG_WARN_STRICT_PROTOTYPES = YES;
				CLANG_WARN_SUSPICIOUS_MOVE = YES;
				CLANG_WARN_UNGUARDED_AVAILABILITY = YES_AGGRESSIVE;
				CLANG_WARN_UNREACHABLE_CODE = YES;
				CLANG_WARN__DUPLICATE_METHOD_MATCH = YES;
				COPY_PHASE_STRIP = NO;
				DEBUG_INFORMATION_FORMAT = dwarf;
				ENABLE_STRICT_OBJC_MSGSEND = YES;
				ENABLE_TESTABILITY = YES;
				ENABLE_USER_SCRIPT_SANDBOXING = YES;
				GCC_C_LANGUAGE_STANDARD = gnu17;
				GCC_DYNAMIC_NO_PIC = NO;
				GCC_NO_COMMON_BLOCKS = YES;
				GCC_OPTIMIZATION_LEVEL = 0;
				GCC_PREPROCESSOR_DEFINITIONS = (
					"DEBUG=1",
					"$(inherited)",
				);
				GCC_WARN_64_TO_32_BIT_CONVERSION = YES;
				GCC_WARN_ABOUT_RETURN_TYPE = YES_ERROR;
				GCC_WARN_UNDECLARED_SELECTOR = YES;
				GCC_WARN_UNINITIALIZED_AUTOS = YES_AGGRESSIVE;
				GCC_WARN_UNUSED_FUNCTION = YES;
				GCC_WARN_UNUSED_VARIABLE = YES;
				IPHONEOS_DEPLOYMENT_TARGET = 17.4;
				LOCALIZATION_PREFERS_STRING_CATALOGS = YES;
				MTL_ENABLE_DEBUG_INFO = INCLUDE_SOURCE;
				MTL_FAST_MATH = YES;
				ONLY_ACTIVE_ARCH = YES;
				SDKROOT = iphoneos;
				SWIFT_ACTIVE_COMPILATION_CONDITIONS = "DEBUG $(inherited)";
				SWIFT_OPTIMIZATION_LEVEL = "-Onone";
			};
			name = Debug;
		};
		63407A822BC6A8AF000CA505 /* Release */ = {
			isa = XCBuildConfiguration;
			buildSettings = {
				ALWAYS_SEARCH_USER_PATHS = NO;
				ASSETCATALOG_COMPILER_GENERATE_SWIFT_ASSET_SYMBOL_EXTENSIONS = YES;
				CLANG_ANALYZER_NONNULL = YES;
				CLANG_ANALYZER_NUMBER_OBJECT_CONVERSION = YES_AGGRESSIVE;
				CLANG_CXX_LANGUAGE_STANDARD = "gnu++20";
				CLANG_ENABLE_MODULES = YES;
				CLANG_ENABLE_OBJC_ARC = YES;
				CLANG_ENABLE_OBJC_WEAK = YES;
				CLANG_WARN_BLOCK_CAPTURE_AUTORELEASING = YES;
				CLANG_WARN_BOOL_CONVERSION = YES;
				CLANG_WARN_COMMA = YES;
				CLANG_WARN_CONSTANT_CONVERSION = YES;
				CLANG_WARN_DEPRECATED_OBJC_IMPLEMENTATIONS = YES;
				CLANG_WARN_DIRECT_OBJC_ISA_USAGE = YES_ERROR;
				CLANG_WARN_DOCUMENTATION_COMMENTS = YES;
				CLANG_WARN_EMPTY_BODY = YES;
				CLANG_WARN_ENUM_CONVERSION = YES;
				CLANG_WARN_INFINITE_RECURSION = YES;
				CLANG_WARN_INT_CONVERSION = YES;
				CLANG_WARN_NON_LITERAL_NULL_CONVERSION = YES;
				CLANG_WARN_OBJC_IMPLICIT_RETAIN_SELF = YES;
				CLANG_WARN_OBJC_LITERAL_CONVERSION = YES;
				CLANG_WARN_OBJC_ROOT_CLASS = YES_ERROR;
				CLANG_WARN_QUOTED_INCLUDE_IN_FRAMEWORK_HEADER = YES;
				CLANG_WARN_RANGE_LOOP_ANALYSIS = YES;
				CLANG_WARN_STRICT_PROTOTYPES = YES;
				CLANG_WARN_SUSPICIOUS_MOVE = YES;
				CLANG_WARN_UNGUARDED_AVAILABILITY = YES_AGGRESSIVE;
				CLANG_WARN_UNREACHABLE_CODE = YES;
				CLANG_WARN__DUPLICATE_METHOD_MATCH = YES;
				COPY_PHASE_STRIP = NO;
				DEBUG_INFORMATION_FORMAT = "dwarf-with-dsym";
				ENABLE_NS_ASSERTIONS = NO;
				ENABLE_STRICT_OBJC_MSGSEND = YES;
				ENABLE_USER_SCRIPT_SANDBOXING = YES;
				GCC_C_LANGUAGE_STANDARD = gnu17;
				GCC_NO_COMMON_BLOCKS = YES;
				GCC_WARN_64_TO_32_BIT_CONVERSION = YES;
				GCC_WARN_ABOUT_RETURN_TYPE = YES_ERROR;
				GCC_WARN_UNDECLARED_SELECTOR = YES;
				GCC_WARN_UNINITIALIZED_AUTOS = YES_AGGRESSIVE;
				GCC_WARN_UNUSED_FUNCTION = YES;
				GCC_WARN_UNUSED_VARIABLE = YES;
				IPHONEOS_DEPLOYMENT_TARGET = 17.4;
				LOCALIZATION_PREFERS_STRING_CATALOGS = YES;
				MTL_ENABLE_DEBUG_INFO = NO;
				MTL_FAST_MATH = YES;
				SDKROOT = iphoneos;
				SWIFT_COMPILATION_MODE = wholemodule;
				VALIDATE_PRODUCT = YES;
			};
			name = Release;
		};
		63407A842BC6A8AF000CA505 /* Debug */ = {
			isa = XCBuildConfiguration;
			baseConfigurationReference = A579AE600F5E82AC3065F6D6 /* Pods-TMDB.debug.xcconfig */;
			buildSettings = {
				ASSETCATALOG_COMPILER_APPICON_NAME = AppIcon;
				ASSETCATALOG_COMPILER_GLOBAL_ACCENT_COLOR_NAME = AccentColor;
				CODE_SIGN_STYLE = Automatic;
				CURRENT_PROJECT_VERSION = 1;
				DEVELOPMENT_TEAM = 43JJRWSTM6;
				ENABLE_USER_SCRIPT_SANDBOXING = NO;
				GENERATE_INFOPLIST_FILE = YES;
				INFOPLIST_FILE = TMDB/Info.plist;
				INFOPLIST_KEY_LSApplicationCategoryType = "public.app-category.medical";
				INFOPLIST_KEY_UIApplicationSupportsIndirectInputEvents = YES;
				INFOPLIST_KEY_UILaunchStoryboardName = LaunchScreen;
				INFOPLIST_KEY_UIMainStoryboardFile = Main;
				INFOPLIST_KEY_UIStatusBarStyle = UIStatusBarStyleDarkContent;
				INFOPLIST_KEY_UISupportedInterfaceOrientations_iPad = "UIInterfaceOrientationPortrait UIInterfaceOrientationPortraitUpsideDown UIInterfaceOrientationLandscapeLeft UIInterfaceOrientationLandscapeRight";
				INFOPLIST_KEY_UISupportedInterfaceOrientations_iPhone = "UIInterfaceOrientationPortrait UIInterfaceOrientationLandscapeLeft UIInterfaceOrientationLandscapeRight";
				LD_RUNPATH_SEARCH_PATHS = (
					"$(inherited)",
					"@executable_path/Frameworks",
				);
				MARKETING_VERSION = 1.0;
				PRODUCT_BUNDLE_IDENTIFIER = IvanPashchenko.TMDB;
				PRODUCT_NAME = "$(TARGET_NAME)";
				SWIFT_EMIT_LOC_STRINGS = YES;
				SWIFT_VERSION = 5.0;
				TARGETED_DEVICE_FAMILY = "1,2";
			};
			name = Debug;
		};
		63407A852BC6A8AF000CA505 /* Release */ = {
			isa = XCBuildConfiguration;
			baseConfigurationReference = F57E7321F05C8757DF903B4A /* Pods-TMDB.release.xcconfig */;
			buildSettings = {
				ASSETCATALOG_COMPILER_APPICON_NAME = AppIcon;
				ASSETCATALOG_COMPILER_GLOBAL_ACCENT_COLOR_NAME = AccentColor;
				CODE_SIGN_STYLE = Automatic;
				CURRENT_PROJECT_VERSION = 1;
				DEVELOPMENT_TEAM = 43JJRWSTM6;
				ENABLE_USER_SCRIPT_SANDBOXING = NO;
				GENERATE_INFOPLIST_FILE = YES;
				INFOPLIST_FILE = TMDB/Info.plist;
				INFOPLIST_KEY_LSApplicationCategoryType = "public.app-category.medical";
				INFOPLIST_KEY_UIApplicationSupportsIndirectInputEvents = YES;
				INFOPLIST_KEY_UILaunchStoryboardName = LaunchScreen;
				INFOPLIST_KEY_UIMainStoryboardFile = Main;
				INFOPLIST_KEY_UIStatusBarStyle = UIStatusBarStyleDarkContent;
				INFOPLIST_KEY_UISupportedInterfaceOrientations_iPad = "UIInterfaceOrientationPortrait UIInterfaceOrientationPortraitUpsideDown UIInterfaceOrientationLandscapeLeft UIInterfaceOrientationLandscapeRight";
				INFOPLIST_KEY_UISupportedInterfaceOrientations_iPhone = "UIInterfaceOrientationPortrait UIInterfaceOrientationLandscapeLeft UIInterfaceOrientationLandscapeRight";
				LD_RUNPATH_SEARCH_PATHS = (
					"$(inherited)",
					"@executable_path/Frameworks",
				);
				MARKETING_VERSION = 1.0;
				PRODUCT_BUNDLE_IDENTIFIER = IvanPashchenko.TMDB;
				PRODUCT_NAME = "$(TARGET_NAME)";
				SWIFT_EMIT_LOC_STRINGS = YES;
				SWIFT_VERSION = 5.0;
				TARGETED_DEVICE_FAMILY = "1,2";
			};
			name = Release;
		};
		63407A872BC6A8AF000CA505 /* Debug */ = {
			isa = XCBuildConfiguration;
			baseConfigurationReference = 9B7ABEF1EC54C831E1B69E0F /* Pods-TMDBTests.debug.xcconfig */;
			buildSettings = {
				ALWAYS_EMBED_SWIFT_STANDARD_LIBRARIES = YES;
				BUNDLE_LOADER = "$(TEST_HOST)";
				CODE_SIGN_STYLE = Automatic;
				CURRENT_PROJECT_VERSION = 1;
				GENERATE_INFOPLIST_FILE = YES;
				IPHONEOS_DEPLOYMENT_TARGET = 17.4;
				MARKETING_VERSION = 1.0;
				PRODUCT_BUNDLE_IDENTIFIER = IvanPashchenko.TMDBTests;
				PRODUCT_NAME = "$(TARGET_NAME)";
				SWIFT_EMIT_LOC_STRINGS = NO;
				SWIFT_VERSION = 5.0;
				TARGETED_DEVICE_FAMILY = "1,2";
				TEST_HOST = "$(BUILT_PRODUCTS_DIR)/TMDB.app/$(BUNDLE_EXECUTABLE_FOLDER_PATH)/TMDB";
			};
			name = Debug;
		};
		63407A882BC6A8AF000CA505 /* Release */ = {
			isa = XCBuildConfiguration;
			baseConfigurationReference = AD842C937E09376FCEC118C4 /* Pods-TMDBTests.release.xcconfig */;
			buildSettings = {
				ALWAYS_EMBED_SWIFT_STANDARD_LIBRARIES = YES;
				BUNDLE_LOADER = "$(TEST_HOST)";
				CODE_SIGN_STYLE = Automatic;
				CURRENT_PROJECT_VERSION = 1;
				GENERATE_INFOPLIST_FILE = YES;
				IPHONEOS_DEPLOYMENT_TARGET = 17.4;
				MARKETING_VERSION = 1.0;
				PRODUCT_BUNDLE_IDENTIFIER = IvanPashchenko.TMDBTests;
				PRODUCT_NAME = "$(TARGET_NAME)";
				SWIFT_EMIT_LOC_STRINGS = NO;
				SWIFT_VERSION = 5.0;
				TARGETED_DEVICE_FAMILY = "1,2";
				TEST_HOST = "$(BUILT_PRODUCTS_DIR)/TMDB.app/$(BUNDLE_EXECUTABLE_FOLDER_PATH)/TMDB";
			};
			name = Release;
		};
		63407A8A2BC6A8AF000CA505 /* Debug */ = {
			isa = XCBuildConfiguration;
			baseConfigurationReference = C51A6C2A0592E1AD05D826D4 /* Pods-TMDB-TMDBUITests.debug.xcconfig */;
			buildSettings = {
				ALWAYS_EMBED_SWIFT_STANDARD_LIBRARIES = YES;
				CODE_SIGN_STYLE = Automatic;
				CURRENT_PROJECT_VERSION = 1;
				GENERATE_INFOPLIST_FILE = YES;
				MARKETING_VERSION = 1.0;
				PRODUCT_BUNDLE_IDENTIFIER = IvanPashchenko.TMDBUITests;
				PRODUCT_NAME = "$(TARGET_NAME)";
				SWIFT_EMIT_LOC_STRINGS = NO;
				SWIFT_VERSION = 5.0;
				TARGETED_DEVICE_FAMILY = "1,2";
				TEST_TARGET_NAME = TMDB;
			};
			name = Debug;
		};
		63407A8B2BC6A8AF000CA505 /* Release */ = {
			isa = XCBuildConfiguration;
			baseConfigurationReference = DE5E2AD2C229724E3D4D1EAA /* Pods-TMDB-TMDBUITests.release.xcconfig */;
			buildSettings = {
				ALWAYS_EMBED_SWIFT_STANDARD_LIBRARIES = YES;
				CODE_SIGN_STYLE = Automatic;
				CURRENT_PROJECT_VERSION = 1;
				GENERATE_INFOPLIST_FILE = YES;
				MARKETING_VERSION = 1.0;
				PRODUCT_BUNDLE_IDENTIFIER = IvanPashchenko.TMDBUITests;
				PRODUCT_NAME = "$(TARGET_NAME)";
				SWIFT_EMIT_LOC_STRINGS = NO;
				SWIFT_VERSION = 5.0;
				TARGETED_DEVICE_FAMILY = "1,2";
				TEST_TARGET_NAME = TMDB;
			};
			name = Release;
		};
/* End XCBuildConfiguration section */

/* Begin XCConfigurationList section */
		63407A542BC6A8AE000CA505 /* Build configuration list for PBXProject "TMDB" */ = {
			isa = XCConfigurationList;
			buildConfigurations = (
				63407A812BC6A8AF000CA505 /* Debug */,
				63407A822BC6A8AF000CA505 /* Release */,
			);
			defaultConfigurationIsVisible = 0;
			defaultConfigurationName = Release;
		};
		63407A832BC6A8AF000CA505 /* Build configuration list for PBXNativeTarget "TMDB" */ = {
			isa = XCConfigurationList;
			buildConfigurations = (
				63407A842BC6A8AF000CA505 /* Debug */,
				63407A852BC6A8AF000CA505 /* Release */,
			);
			defaultConfigurationIsVisible = 0;
			defaultConfigurationName = Release;
		};
		63407A862BC6A8AF000CA505 /* Build configuration list for PBXNativeTarget "TMDBTests" */ = {
			isa = XCConfigurationList;
			buildConfigurations = (
				63407A872BC6A8AF000CA505 /* Debug */,
				63407A882BC6A8AF000CA505 /* Release */,
			);
			defaultConfigurationIsVisible = 0;
			defaultConfigurationName = Release;
		};
		63407A892BC6A8AF000CA505 /* Build configuration list for PBXNativeTarget "TMDBUITests" */ = {
			isa = XCConfigurationList;
			buildConfigurations = (
				63407A8A2BC6A8AF000CA505 /* Debug */,
				63407A8B2BC6A8AF000CA505 /* Release */,
			);
			defaultConfigurationIsVisible = 0;
			defaultConfigurationName = Release;
		};
/* End XCConfigurationList section */
	};
	rootObject = 63407A512BC6A8AE000CA505 /* Project object */;
}
